{
  "name": "fipguide.github.io",
  "version": "1.0.0",
  "lockfileVersion": 3,
  "requires": true,
  "packages": {
    "": {
      "name": "fipguide.github.io",
      "version": "1.0.0",
      "license": "ISC",
      "dependencies": {
        "@fontsource/material-symbols-rounded": "^5.2.10",
        "@fontsource/roboto": "^5.2.5",
        "@fontsource/sansita": "^5.2.5",
        "@panzoom/panzoom": "^4.6.0",
        "pagefind": "^1.3.0"
      },
      "devDependencies": {
        "prettier": "^3.5.3",
        "prettier-plugin-go-template": "^0.0.15"
      }
    },
    "node_modules/@fontsource/material-symbols-rounded": {
      "version": "5.2.10",
      "resolved": "https://registry.npmjs.org/@fontsource/material-symbols-rounded/-/material-symbols-rounded-5.2.10.tgz",
      "integrity": "sha512-AINHHZco9vjkwTxuEFHZJ1ReAGkQZFubvSl6GBXFPjR/qB0I7pGRxuKxKfY/w7dfWdNmCym9b2kLdDL1Aur0fg==",
      "license": "OFL-1.1",
      "funding": {
        "url": "https://github.com/sponsors/ayuhito"
      }
    },
    "node_modules/@fontsource/roboto": {
      "version": "5.2.5",
      "resolved": "https://registry.npmjs.org/@fontsource/roboto/-/roboto-5.2.5.tgz",
      "integrity": "sha512-70r2UZ0raqLn5W+sPeKhqlf8wGvUXFWlofaDlcbt/S3d06+17gXKr3VNqDODB0I1ASme3dGT5OJj9NABt7OTZQ==",
      "license": "OFL-1.1",
      "funding": {
        "url": "https://github.com/sponsors/ayuhito"
      }
    },
    "node_modules/@fontsource/sansita": {
      "version": "5.2.6",
      "resolved": "https://registry.npmjs.org/@fontsource/sansita/-/sansita-5.2.6.tgz",
      "integrity": "sha512-/v0I66p3CQoCIlwD4quH6H9g6hAfSOrl2aJo8h4ylIFzrRyz/AO+3hM8Modo3IdGVF4YE1fhKlQQlU8ntI5ATg==",
      "funding": {
        "url": "https://github.com/sponsors/ayuhito"
      }
    },
    "node_modules/@pagefind/darwin-arm64": {
      "version": "1.3.0",
      "resolved": "https://registry.npmjs.org/@pagefind/darwin-arm64/-/darwin-arm64-1.3.0.tgz",
      "integrity": "sha512-365BEGl6ChOsauRjyVpBjXybflXAOvoMROw3TucAROHIcdBvXk9/2AmEvGFU0r75+vdQI4LJdJdpH4Y6Yqaj4A==",
      "cpu": [
        "arm64"
      ],
      "license": "MIT",
      "optional": true,
      "os": [
        "darwin"
      ]
    },
    "node_modules/@pagefind/darwin-x64": {
      "version": "1.3.0",
      "resolved": "https://registry.npmjs.org/@pagefind/darwin-x64/-/darwin-x64-1.3.0.tgz",
      "integrity": "sha512-zlGHA23uuXmS8z3XxEGmbHpWDxXfPZ47QS06tGUq0HDcZjXjXHeLG+cboOy828QIV5FXsm9MjfkP5e4ZNbOkow==",
      "cpu": [
        "x64"
      ],
      "license": "MIT",
      "optional": true,
      "os": [
        "darwin"
      ]
    },
    "node_modules/@pagefind/linux-arm64": {
      "version": "1.3.0",
      "resolved": "https://registry.npmjs.org/@pagefind/linux-arm64/-/linux-arm64-1.3.0.tgz",
      "integrity": "sha512-8lsxNAiBRUk72JvetSBXs4WRpYrQrVJXjlRRnOL6UCdBN9Nlsz0t7hWstRk36+JqHpGWOKYiuHLzGYqYAqoOnQ==",
      "cpu": [
        "arm64"
      ],
      "license": "MIT",
      "optional": true,
      "os": [
        "linux"
      ]
    },
    "node_modules/@pagefind/linux-x64": {
      "version": "1.3.0",
      "resolved": "https://registry.npmjs.org/@pagefind/linux-x64/-/linux-x64-1.3.0.tgz",
      "integrity": "sha512-hAvqdPJv7A20Ucb6FQGE6jhjqy+vZ6pf+s2tFMNtMBG+fzcdc91uTw7aP/1Vo5plD0dAOHwdxfkyw0ugal4kcQ==",
      "cpu": [
        "x64"
      ],
      "license": "MIT",
      "optional": true,
      "os": [
        "linux"
      ]
    },
    "node_modules/@pagefind/windows-x64": {
      "version": "1.3.0",
      "resolved": "https://registry.npmjs.org/@pagefind/windows-x64/-/windows-x64-1.3.0.tgz",
      "integrity": "sha512-BR1bIRWOMqkf8IoU576YDhij1Wd/Zf2kX/kCI0b2qzCKC8wcc2GQJaaRMCpzvCCrmliO4vtJ6RITp/AnoYUUmQ==",
      "cpu": [
        "x64"
      ],
      "license": "MIT",
      "optional": true,
      "os": [
        "win32"
      ]
    },
    "node_modules/@panzoom/panzoom": {
      "version": "4.6.0",
      "resolved": "https://registry.npmjs.org/@panzoom/panzoom/-/panzoom-4.6.0.tgz",
      "integrity": "sha512-3KxkY1lNKFn98fW5ZFR6vV0YzsXj3I4EQDyFWSXME6/cic86eSS7VjuqIjrA3PEpySo0r5fFtlX8eYCt4JPUFQ==",
      "license": "MIT"
    },
    "node_modules/pagefind": {
      "version": "1.3.0",
      "resolved": "https://registry.npmjs.org/pagefind/-/pagefind-1.3.0.tgz",
      "integrity": "sha512-8KPLGT5g9s+olKMRTU9LFekLizkVIu9tes90O1/aigJ0T5LmyPqTzGJrETnSw3meSYg58YH7JTzhTTW/3z6VAw==",
      "license": "MIT",
      "bin": {
        "pagefind": "lib/runner/bin.cjs"
      },
      "optionalDependencies": {
        "@pagefind/darwin-arm64": "1.3.0",
        "@pagefind/darwin-x64": "1.3.0",
        "@pagefind/linux-arm64": "1.3.0",
        "@pagefind/linux-x64": "1.3.0",
        "@pagefind/windows-x64": "1.3.0"
      }
    },
    "node_modules/prettier": {
      "version": "3.5.3",
      "resolved": "https://registry.npmjs.org/prettier/-/prettier-3.5.3.tgz",
      "integrity": "sha512-QQtaxnoDJeAkDvDKWCLiwIXkTgRhwYDEQCghU9Z6q03iyek/rxRh/2lC3HB7P8sWT2xC/y5JDctPLBIGzHKbhw==",
      "dev": true,
      "license": "MIT",
      "bin": {
        "prettier": "bin/prettier.cjs"
      },
      "engines": {
        "node": ">=14"
      },
      "funding": {
        "url": "https://github.com/prettier/prettier?sponsor=1"
      }
    },
    "node_modules/prettier-plugin-go-template": {
      "version": "0.0.15",
      "resolved": "https://registry.npmjs.org/prettier-plugin-go-template/-/prettier-plugin-go-template-0.0.15.tgz",
      "integrity": "sha512-WqU92E1NokWYNZ9mLE6ijoRg6LtIGdLMePt2C7UBDjXeDH9okcRI3zRqtnWR4s5AloiqyvZ66jNBAa9tmRY5EQ==",
      "dev": true,
      "license": "MIT",
      "dependencies": {
        "ulid": "^2.3.0"
      },
      "engines": {
        "node": ">=14.0.0"
      },
      "peerDependencies": {
        "prettier": "^3.0.0"
      }
    },
    "node_modules/ulid": {
      "version": "2.4.0",
      "resolved": "https://registry.npmjs.org/ulid/-/ulid-2.4.0.tgz",
      "integrity": "sha512-fIRiVTJNcSRmXKPZtGzFQv9WRrZ3M9eoptl/teFJvjOzmpU+/K/JH6HZ8deBfb5vMEpicJcLn7JmvdknlMq7Zg==",
      "dev": true,
      "license": "MIT",
      "bin": {
        "ulid": "bin/cli.js"
      }
    }
  }
}
